<?xml version="1.0" encoding="utf-8"?>
<Project ToolsVersion="4.0" xmlns="http://schemas.microsoft.com/developer/msbuild/2003">
  <ItemGroup>
    <Filter Include="Исходные файлы">
      <UniqueIdentifier>{4FC737F1-C7A5-4376-A066-2A32D752A2FF}</UniqueIdentifier>
      <Extensions>cpp;c;cc;cxx;def;odl;idl;hpj;bat;asm;asmx</Extensions>
    </Filter>
    <Filter Include="Файлы заголовков">
      <UniqueIdentifier>{93995380-89BD-4b04-88EB-625FBE52EBFB}</UniqueIdentifier>
      <Extensions>h;hh;hpp;hxx;hm;inl;inc;ipp;xsd</Extensions>
    </Filter>
    <Filter Include="Файлы ресурсов">
      <UniqueIdentifier>{67DA6AB6-F800-4c08-8B7A-83BB121AAD01}</UniqueIdentifier>
      <Extensions>rc;ico;cur;bmp;dlg;rc2;rct;bin;rgs;gif;jpg;jpeg;jpe;resx;tiff;tif;png;wav;mfcribbon-ms</Extensions>
    </Filter>
    <Filter Include="Исходные файлы\http">
      <UniqueIdentifier>{2fc55b66-63e3-4f75-88fb-5dc764ded1c5}</UniqueIdentifier>
    </Filter>
    <Filter Include="Файлы заголовков\http">
      <UniqueIdentifier>{94163c16-c5da-479b-9b48-77b7329d76d1}</UniqueIdentifier>
    </Filter>
    <Filter Include="Исходные файлы\plugins">
      <UniqueIdentifier>{7305c403-53dd-49ea-908d-e93c50760613}</UniqueIdentifier>
    </Filter>
    <Filter Include="Файлы заголовков\plugins">
      <UniqueIdentifier>{83e60499-bd86-454a-afa8-388d73a2fb01}</UniqueIdentifier>
    </Filter>
    <Filter Include="Исходные файлы\vk">
      <UniqueIdentifier>{0cdd70d0-360a-4925-8f96-44d369c50cec}</UniqueIdentifier>
    </Filter>
    <Filter Include="Файлы заголовков\vk">
      <UniqueIdentifier>{a5916a81-3fa2-4668-80b3-cc842e4d9977}</UniqueIdentifier>
    </Filter>
    <Filter Include="Исходные файлы\html_parser">
      <UniqueIdentifier>{8a427b0b-1194-46cd-b6e5-4eccfffbc6a8}</UniqueIdentifier>
    </Filter>
    <Filter Include="Файлы заголовков\html_parser">
      <UniqueIdentifier>{7bf2e8f4-dabd-465f-8943-aabf2639beab}</UniqueIdentifier>
    </Filter>
  </ItemGroup>
  <ItemGroup>
    <ClCompile Include="http\http.cpp">
      <Filter>Исходные файлы\http</Filter>
    </ClCompile>
    <ClCompile Include="http\request.cpp">
      <Filter>Исходные файлы\http</Filter>
    </ClCompile>
    <ClCompile Include="http\uri.cpp">
      <Filter>Исходные файлы\http</Filter>
    </ClCompile>
    <ClCompile Include="main.cpp">
      <Filter>Исходные файлы</Filter>
    </ClCompile>
    <ClCompile Include="Utils.cpp">
      <Filter>Исходные файлы</Filter>
    </ClCompile>
    <ClCompile Include="plugins\plugin_f.cpp">
      <Filter>Исходные файлы\plugins</Filter>
    </ClCompile>
    <ClCompile Include="plugins\plugin.cpp">
      <Filter>Исходные файлы\plugins</Filter>
    </ClCompile>
    <ClCompile Include="plugins\plugin_stat.cpp">
      <Filter>Исходные файлы\plugins</Filter>
    </ClCompile>
    <ClCompile Include="plugins\plugin_meme.cpp">
      <Filter>Исходные файлы\plugins</Filter>
    </ClCompile>
    <ClCompile Include="plugins\plugin_call_all.cpp">
      <Filter>Исходные файлы\plugins</Filter>
    </ClCompile>
    <ClCompile Include="plugins\plugin_chat_communication.cpp">
      <Filter>Исходные файлы\plugins</Filter>
    </ClCompile>
    <ClCompile Include="vk\vk.cpp">
      <Filter>Исходные файлы\vk</Filter>
    </ClCompile>
    <ClCompile Include="html_parser\Selection.cpp">
      <Filter>Исходные файлы\html_parser</Filter>
    </ClCompile>
    <ClCompile Include="html_parser\Selector.cpp">
      <Filter>Исходные файлы\html_parser</Filter>
    </ClCompile>
    <ClCompile Include="html_parser\Document.cpp">
      <Filter>Исходные файлы\html_parser</Filter>
    </ClCompile>
    <ClCompile Include="html_parser\Node.cpp">
      <Filter>Исходные файлы\html_parser</Filter>
    </ClCompile>
    <ClCompile Include="html_parser\Object.cpp">
      <Filter>Исходные файлы\html_parser</Filter>
    </ClCompile>
    <ClCompile Include="html_parser\Parser.cpp">
      <Filter>Исходные файлы\html_parser</Filter>
    </ClCompile>
    <ClCompile Include="html_parser\QueryUtil.cpp">
      <Filter>Исходные файлы\html_parser</Filter>
    </ClCompile>
    <ClCompile Include="plugins\plugin_search.cpp">
      <Filter>Исходные файлы\plugins</Filter>
    </ClCompile>
    <ClCompile Include="plugins\plugin_34.cpp">
      <Filter>Исходные файлы\plugins</Filter>
    </ClCompile>
    <ClCompile Include="plugins\plugin_random_cats.cpp">
      <Filter>Исходные файлы\plugins</Filter>
    </ClCompile>
    <ClCompile Include="http\response.cpp">
      <Filter>Исходные файлы\http</Filter>
    </ClCompile>
  </ItemGroup>
  <ItemGroup>
    <ClInclude Include="http\http.h">
      <Filter>Файлы заголовков\http</Filter>
    </ClInclude>
    <ClInclude Include="http\request.h">
      <Filter>Файлы заголовков\http</Filter>
    </ClInclude>
    <ClInclude Include="http\uri.h">
      <Filter>Файлы заголовков\http</Filter>
    </ClInclude>
    <ClInclude Include="Utils.h">
      <Filter>Файлы заголовков</Filter>
    </ClInclude>
    <ClInclude Include="plugins\plugin_f.h">
      <Filter>Файлы заголовков\plugins</Filter>
    </ClInclude>
    <ClInclude Include="plugins\plugin_stat.h">
      <Filter>Файлы заголовков\plugins</Filter>
    </ClInclude>
    <ClInclude Include="plugins\plugins.h">
      <Filter>Файлы заголовков\plugins</Filter>
    </ClInclude>
    <ClInclude Include="plugins\plugin.h">
      <Filter>Файлы заголовков\plugins</Filter>
    </ClInclude>
    <ClInclude Include="plugins\plugin_meme.h">
      <Filter>Файлы заголовков\plugins</Filter>
    </ClInclude>
    <ClInclude Include="plugins\plugin_call_all.h">
      <Filter>Файлы заголовков\plugins</Filter>
    </ClInclude>
    <ClInclude Include="plugins\plugin_chat_communication.h">
      <Filter>Файлы заголовков\plugins</Filter>
    </ClInclude>
    <ClInclude Include="vk\vk.h">
      <Filter>Файлы заголовков\vk</Filter>
    </ClInclude>
    <ClInclude Include="html_parser\Document.h">
      <Filter>Файлы заголовков\html_parser</Filter>
    </ClInclude>
    <ClInclude Include="html_parser\Node.h">
      <Filter>Файлы заголовков\html_parser</Filter>
    </ClInclude>
    <ClInclude Include="html_parser\Object.h">
      <Filter>Файлы заголовков\html_parser</Filter>
    </ClInclude>
    <ClInclude Include="html_parser\Parser.h">
      <Filter>Файлы заголовков\html_parser</Filter>
    </ClInclude>
    <ClInclude Include="html_parser\QueryUtil.h">
      <Filter>Файлы заголовков\html_parser</Filter>
    </ClInclude>
    <ClInclude Include="html_parser\Selection.h">
      <Filter>Файлы заголовков\html_parser</Filter>
    </ClInclude>
    <ClInclude Include="html_parser\Selector.h">
      <Filter>Файлы заголовков\html_parser</Filter>
    </ClInclude>
    <ClInclude Include="plugins\plugin_search.h">
      <Filter>Файлы заголовков\plugins</Filter>
    </ClInclude>
    <ClInclude Include="plugins\plugin_34.h">
      <Filter>Файлы заголовков\plugins</Filter>
    </ClInclude>
    <ClInclude Include="plugins\plugin_random_cats.h">
      <Filter>Файлы заголовков\plugins</Filter>
    </ClInclude>
    <ClInclude Include="http\response.h">
      <Filter>Файлы заголовков\http</Filter>
    </ClInclude>
    <ClInclude Include="http\mime.h">
      <Filter>Файлы заголовков\http</Filter>
    </ClInclude>
  </ItemGroup>
</Project>